{
  "originHash" : "d27d083f13d1c61e3b45da4b7bae5f4c862f4447050b94872f1262a5a9f28f57",
  "pins" : [
    {
      "identity" : "swift-async-stream",
      "kind" : "remoteSourceControl",
      "location" : "https://github.com/o-nnerb/swift-async-stream",
      "state" : {
        "revision" : "1869103b2b14baef18dfb02b159d9cc0fe56032a",
        "version" : "1.3.1"
      }
    },
    {
      "identity" : "swift-custom-dump",
      "kind" : "remoteSourceControl",
      "location" : "https://github.com/pointfreeco/swift-custom-dump",
      "state" : {
        "revision" : "2a2a938798236b8fa0bc57c453ee9de9f9ec3ab0",
        "version" : "1.4.1"
      }
    },
    {
      "identity" : "xctest-dynamic-overlay",
      "kind" : "remoteSourceControl",
      "location" : "https://github.com/pointfreeco/xctest-dynamic-overlay",
      "state" : {
        "revision" : "a3f634d1a409c7979cabc0a71b3f26ffa9fc8af1",
        "version" : "1.4.3"
      }
    }
  ],
  "version" : 3
}
