{
  "originHash" : "98e3c999a81fba2a890f34eb60590f128464f8c85834c0c4325f3f7f59a6a80d",
  "pins" : [
    {
      "identity" : "swift-async-stream",
      "kind" : "remoteSourceControl",
      "location" : "https://github.com/o-nnerb/swift-async-stream",
      "state" : {
        "revision" : "ad43039741c89faf02234e2c952d08062e53d6d5",
        "version" : "1.3.2"
      }
    },
    {
      "identity" : "swift-custom-dump",
      "kind" : "remoteSourceControl",
      "location" : "https://github.com/pointfreeco/swift-custom-dump",
      "state" : {
        "revision" : "2a2a938798236b8fa0bc57c453ee9de9f9ec3ab0",
        "version" : "1.4.1"
      }
    },
    {
      "identity" : "xctest-dynamic-overlay",
      "kind" : "remoteSourceControl",
      "location" : "https://github.com/pointfreeco/xctest-dynamic-overlay",
      "state" : {
        "revision" : "a3f634d1a409c7979cabc0a71b3f26ffa9fc8af1",
        "version" : "1.4.3"
      }
    }
  ],
  "version" : 3
}
